// !$*UTF8*$!
{
	archiveVersion = 1;
	classes = {
	};
	objectVersion = 50;
	objects = {

/* Begin PBXBuildFile section */
		922BD28421661F91000FE5D0 /* AppDelegate.swift in Sources */ = {isa = PBXBuildFile; fileRef = 922BD28321661F91000FE5D0 /* AppDelegate.swift */; };
		922BD28621661F91000FE5D0 /* ViewController.swift in Sources */ = {isa = PBXBuildFile; fileRef = 922BD28521661F91000FE5D0 /* ViewController.swift */; };
		922BD28921661F91000FE5D0 /* Main.storyboard in Resources */ = {isa = PBXBuildFile; fileRef = 922BD28721661F91000FE5D0 /* Main.storyboard */; };
		922BD28B21661F92000FE5D0 /* Assets.xcassets in Resources */ = {isa = PBXBuildFile; fileRef = 922BD28A21661F92000FE5D0 /* Assets.xcassets */; };
		922BD28E21661F92000FE5D0 /* LaunchScreen.storyboard in Resources */ = {isa = PBXBuildFile; fileRef = 922BD28C21661F92000FE5D0 /* LaunchScreen.storyboard */; };
		922BD29921661F92000FE5D0 /* DesktopAppTests.swift in Sources */ = {isa = PBXBuildFile; fileRef = 922BD29821661F92000FE5D0 /* DesktopAppTests.swift */; };
		922BD2A421661F92000FE5D0 /* DesktopAppUITests.swift in Sources */ = {isa = PBXBuildFile; fileRef = 922BD2A321661F92000FE5D0 /* DesktopAppUITests.swift */; };
/* End PBXBuildFile section */

/* Begin PBXContainerItemProxy section */
		922BD29521661F92000FE5D0 /* PBXContainerItemProxy */ = {
			isa = PBXContainerItemProxy;
			containerPortal = 922BD27821661F91000FE5D0 /* Project object */;
			proxyType = 1;
			remoteGlobalIDString = 922BD27F21661F91000FE5D0;
			remoteInfo = DesktopApp;
		};
		922BD2A021661F92000FE5D0 /* PBXContainerItemProxy */ = {
			isa = PBXContainerItemProxy;
			containerPortal = 922BD27821661F91000FE5D0 /* Project object */;
			proxyType = 1;
			remoteGlobalIDString = 922BD27F21661F91000FE5D0;
			remoteInfo = DesktopApp;
		};
/* End PBXContainerItemProxy section */

/* Begin PBXFileReference section */
		922BD28021661F91000FE5D0 /* DesktopApp.app */ = {isa = PBXFileReference; explicitFileType = wrapper.application; includeInIndex = 0; path = DesktopApp.app; sourceTree = BUILT_PRODUCTS_DIR; };
		922BD28321661F91000FE5D0 /* AppDelegate.swift */ = {isa = PBXFileReference; lastKnownFileType = sourcecode.swift; path = AppDelegate.swift; sourceTree = "<group>"; };
		922BD28521661F91000FE5D0 /* ViewController.swift */ = {isa = PBXFileReference; lastKnownFileType = sourcecode.swift; path = ViewController.swift; sourceTree = "<group>"; };
		922BD28821661F91000FE5D0 /* Base */ = {isa = PBXFileReference; lastKnownFileType = file.storyboard; name = Base; path = Base.lproj/Main.storyboard; sourceTree = "<group>"; };
		922BD28A21661F92000FE5D0 /* Assets.xcassets */ = {isa = PBXFileReference; lastKnownFileType = folder.assetcatalog; path = Assets.xcassets; sourceTree = "<group>"; };
		922BD28D21661F92000FE5D0 /* Base */ = {isa = PBXFileReference; lastKnownFileType = file.storyboard; name = Base; path = Base.lproj/LaunchScreen.storyboard; sourceTree = "<group>"; };
		922BD28F21661F92000FE5D0 /* Info.plist */ = {isa = PBXFileReference; lastKnownFileType = text.plist.xml; path = Info.plist; sourceTree = "<group>"; };
		922BD29421661F92000FE5D0 /* DesktopAppTests.xctest */ = {isa = PBXFileReference; explicitFileType = wrapper.cfbundle; includeInIndex = 0; path = DesktopAppTests.xctest; sourceTree = BUILT_PRODUCTS_DIR; };
		922BD29821661F92000FE5D0 /* DesktopAppTests.swift */ = {isa = PBXFileReference; lastKnownFileType = sourcecode.swift; path = DesktopAppTests.swift; sourceTree = "<group>"; };
		922BD29A21661F92000FE5D0 /* Info.plist */ = {isa = PBXFileReference; lastKnownFileType = text.plist.xml; path = Info.plist; sourceTree = "<group>"; };
		922BD29F21661F92000FE5D0 /* DesktopAppUITests.xctest */ = {isa = PBXFileReference; explicitFileType = wrapper.cfbundle; includeInIndex = 0; path = DesktopAppUITests.xctest; sourceTree = BUILT_PRODUCTS_DIR; };
		922BD2A321661F92000FE5D0 /* DesktopAppUITests.swift */ = {isa = PBXFileReference; lastKnownFileType = sourcecode.swift; path = DesktopAppUITests.swift; sourceTree = "<group>"; };
		922BD2A521661F92000FE5D0 /* Info.plist */ = {isa = PBXFileReference; lastKnownFileType = text.plist.xml; path = Info.plist; sourceTree = "<group>"; };
/* End PBXFileReference section */

/* Begin PBXFrameworksBuildPhase section */
		922BD27D21661F91000FE5D0 /* Frameworks */ = {
			isa = PBXFrameworksBuildPhase;
			buildActionMask = 2147483647;
			files = (
			);
			runOnlyForDeploymentPostprocessing = 0;
		};
		922BD29121661F92000FE5D0 /* Frameworks */ = {
			isa = PBXFrameworksBuildPhase;
			buildActionMask = 2147483647;
			files = (
			);
			runOnlyForDeploymentPostprocessing = 0;
		};
		922BD29C21661F92000FE5D0 /* Frameworks */ = {
			isa = PBXFrameworksBuildPhase;
			buildActionMask = 2147483647;
			files = (
			);
			runOnlyForDeploymentPostprocessing = 0;
		};
/* End PBXFrameworksBuildPhase section */

/* Begin PBXGroup section */
		922BD27721661F91000FE5D0 = {
			isa = PBXGroup;
			children = (
				922BD28221661F91000FE5D0 /* DesktopApp */,
				922BD29721661F92000FE5D0 /* DesktopAppTests */,
				922BD2A221661F92000FE5D0 /* DesktopAppUITests */,
				922BD28121661F91000FE5D0 /* Products */,
			);
			sourceTree = "<group>";
		};
		922BD28121661F91000FE5D0 /* Products */ = {
			isa = PBXGroup;
			children = (
				922BD28021661F91000FE5D0 /* DesktopApp.app */,
				922BD29421661F92000FE5D0 /* DesktopAppTests.xctest */,
				922BD29F21661F92000FE5D0 /* DesktopAppUITests.xctest */,
			);
			name = Products;
			sourceTree = "<group>";
		};
		922BD28221661F91000FE5D0 /* DesktopApp */ = {
			isa = PBXGroup;
			children = (
				922BD28321661F91000FE5D0 /* AppDelegate.swift */,
				922BD28521661F91000FE5D0 /* ViewController.swift */,
				922BD28721661F91000FE5D0 /* Main.storyboard */,
				922BD28A21661F92000FE5D0 /* Assets.xcassets */,
				922BD28C21661F92000FE5D0 /* LaunchScreen.storyboard */,
				922BD28F21661F92000FE5D0 /* Info.plist */,
			);
			path = DesktopApp;
			sourceTree = "<group>";
		};
		922BD29721661F92000FE5D0 /* DesktopAppTests */ = {
			isa = PBXGroup;
			children = (
				922BD29821661F92000FE5D0 /* DesktopAppTests.swift */,
				922BD29A21661F92000FE5D0 /* Info.plist */,
			);
			path = DesktopAppTests;
			sourceTree = "<group>";
		};
		922BD2A221661F92000FE5D0 /* DesktopAppUITests */ = {
			isa = PBXGroup;
			children = (
				922BD2A321661F92000FE5D0 /* DesktopAppUITests.swift */,
				922BD2A521661F92000FE5D0 /* Info.plist */,
			);
			path = DesktopAppUITests;
			sourceTree = "<group>";
		};
/* End PBXGroup section */

/* Begin PBXNativeTarget section */
		922BD27F21661F91000FE5D0 /* DesktopApp */ = {
			isa = PBXNativeTarget;
			buildConfigurationList = 922BD2A821661F92000FE5D0 /* Build configuration list for PBXNativeTarget "DesktopApp" */;
			buildPhases = (
				922BD27C21661F91000FE5D0 /* Sources */,
				922BD27D21661F91000FE5D0 /* Frameworks */,
				922BD27E21661F91000FE5D0 /* Resources */,
			);
			buildRules = (
			);
			dependencies = (
			);
			name = DesktopApp;
			productName = DesktopApp;
			productReference = 922BD28021661F91000FE5D0 /* DesktopApp.app */;
			productType = "com.apple.product-type.application";
		};
		922BD29321661F92000FE5D0 /* DesktopAppTests */ = {
			isa = PBXNativeTarget;
			buildConfigurationList = 922BD2AB21661F92000FE5D0 /* Build configuration list for PBXNativeTarget "DesktopAppTests" */;
			buildPhases = (
				922BD29021661F92000FE5D0 /* Sources */,
				922BD29121661F92000FE5D0 /* Frameworks */,
				922BD29221661F92000FE5D0 /* Resources */,
			);
			buildRules = (
			);
			dependencies = (
				922BD29621661F92000FE5D0 /* PBXTargetDependency */,
			);
			name = DesktopAppTests;
			productName = DesktopAppTests;
			productReference = 922BD29421661F92000FE5D0 /* DesktopAppTests.xctest */;
			productType = "com.apple.product-type.bundle.unit-test";
		};
		922BD29E21661F92000FE5D0 /* DesktopAppUITests */ = {
			isa = PBXNativeTarget;
			buildConfigurationList = 922BD2AE21661F92000FE5D0 /* Build configuration list for PBXNativeTarget "DesktopAppUITests" */;
			buildPhases = (
				922BD29B21661F92000FE5D0 /* Sources */,
				922BD29C21661F92000FE5D0 /* Frameworks */,
				922BD29D21661F92000FE5D0 /* Resources */,
			);
			buildRules = (
			);
			dependencies = (
				922BD2A121661F92000FE5D0 /* PBXTargetDependency */,
			);
			name = DesktopAppUITests;
			productName = DesktopAppUITests;
			productReference = 922BD29F21661F92000FE5D0 /* DesktopAppUITests.xctest */;
			productType = "com.apple.product-type.bundle.ui-testing";
		};
/* End PBXNativeTarget section */

/* Begin PBXProject section */
		922BD27821661F91000FE5D0 /* Project object */ = {
			isa = PBXProject;
			attributes = {
				LastSwiftUpdateCheck = 1000;
				LastUpgradeCheck = 1000;
				ORGANIZATIONNAME = Sarim;
				TargetAttributes = {
					922BD27F21661F91000FE5D0 = {
						CreatedOnToolsVersion = 10.0;
					};
					922BD29321661F92000FE5D0 = {
						CreatedOnToolsVersion = 10.0;
						TestTargetID = 922BD27F21661F91000FE5D0;
					};
					922BD29E21661F92000FE5D0 = {
						CreatedOnToolsVersion = 10.0;
						TestTargetID = 922BD27F21661F91000FE5D0;
					};
				};
			};
			buildConfigurationList = 922BD27B21661F91000FE5D0 /* Build configuration list for PBXProject "DesktopApp" */;
			compatibilityVersion = "Xcode 9.3";
			developmentRegion = en;
			hasScannedForEncodings = 0;
			knownRegions = (
				en,
				Base,
			);
			mainGroup = 922BD27721661F91000FE5D0;
			productRefGroup = 922BD28121661F91000FE5D0 /* Products */;
			projectDirPath = "";
			projectRoot = "";
			targets = (
				922BD27F21661F91000FE5D0 /* DesktopApp */,
				922BD29321661F92000FE5D0 /* DesktopAppTests */,
				922BD29E21661F92000FE5D0 /* DesktopAppUITests */,
			);
		};
/* End PBXProject section */

/* Begin PBXResourcesBuildPhase section */
		922BD27E21661F91000FE5D0 /* Resources */ = {
			isa = PBXResourcesBuildPhase;
			buildActionMask = 2147483647;
			files = (
				922BD28E21661F92000FE5D0 /* LaunchScreen.storyboard in Resources */,
				922BD28B21661F92000FE5D0 /* Assets.xcassets in Resources */,
				922BD28921661F91000FE5D0 /* Main.storyboard in Resources */,
			);
			runOnlyForDeploymentPostprocessing = 0;
		};
		922BD29221661F92000FE5D0 /* Resources */ = {
			isa = PBXResourcesBuildPhase;
			buildActionMask = 2147483647;
			files = (
			);
			runOnlyForDeploymentPostprocessing = 0;
		};
		922BD29D21661F92000FE5D0 /* Resources */ = {
			isa = PBXResourcesBuildPhase;
			buildActionMask = 2147483647;
			files = (
			);
			runOnlyForDeploymentPostprocessing = 0;
		};
/* End PBXResourcesBuildPhase section */

/* Begin PBXSourcesBuildPhase section */
		922BD27C21661F91000FE5D0 /* Sources */ = {
			isa = PBXSourcesBuildPhase;
			buildActionMask = 2147483647;
			files = (
				922BD28621661F91000FE5D0 /* ViewController.swift in Sources */,
				922BD28421661F91000FE5D0 /* AppDelegate.swift in Sources */,
			);
			runOnlyForDeploymentPostprocessing = 0;
		};
		922BD29021661F92000FE5D0 /* Sources */ = {
			isa = PBXSourcesBuildPhase;
			buildActionMask = 2147483647;
			files = (
				922BD29921661F92000FE5D0 /* DesktopAppTests.swift in Sources */,
			);
			runOnlyForDeploymentPostprocessing = 0;
		};
		922BD29B21661F92000FE5D0 /* Sources */ = {
			isa = PBXSourcesBuildPhase;
			buildActionMask = 2147483647;
			files = (
				922BD2A421661F92000FE5D0 /* DesktopAppUITests.swift in Sources */,
			);
			runOnlyForDeploymentPostprocessing = 0;
		};
/* End PBXSourcesBuildPhase section */

/* Begin PBXTargetDependency section */
		922BD29621661F92000FE5D0 /* PBXTargetDependency */ = {
			isa = PBXTargetDependency;
			target = 922BD27F21661F91000FE5D0 /* DesktopApp */;
			targetProxy = 922BD29521661F92000FE5D0 /* PBXContainerItemProxy */;
		};
		922BD2A121661F92000FE5D0 /* PBXTargetDependency */ = {
			isa = PBXTargetDependency;
			target = 922BD27F21661F91000FE5D0 /* DesktopApp */;
			targetProxy = 922BD2A021661F92000FE5D0 /* PBXContainerItemProxy */;
		};
/* End PBXTargetDependency section */

/* Begin PBXVariantGroup section */
		922BD28721661F91000FE5D0 /* Main.storyboard */ = {
			isa = PBXVariantGroup;
			children = (
				922BD28821661F91000FE5D0 /* Base */,
			);
			name = Main.storyboard;
			sourceTree = "<group>";
		};
		922BD28C21661F92000FE5D0 /* LaunchScreen.storyboard */ = {
			isa = PBXVariantGroup;
			children = (
				922BD28D21661F92000FE5D0 /* Base */,
			);
			name = LaunchScreen.storyboard;
			sourceTree = "<group>";
		};
/* End PBXVariantGroup section */

/* Begin XCBuildConfiguration section */
		922BD2A621661F92000FE5D0 /* Debug */ = {
			isa = XCBuildConfiguration;
			buildSettings = {
				ALWAYS_SEARCH_USER_PATHS = NO;
				CLANG_ANALYZER_NONNULL = YES;
				CLANG_ANALYZER_NUMBER_OBJECT_CONVERSION = YES_AGGRESSIVE;
				CLANG_CXX_LANGUAGE_STANDARD = "gnu++14";
				CLANG_CXX_LIBRARY = "libc++";
				CLANG_ENABLE_MODULES = YES;
				CLANG_ENABLE_OBJC_ARC = YES;
				CLANG_ENABLE_OBJC_WEAK = YES;
				CLANG_WARN_BLOCK_CAPTURE_AUTORELEASING = YES;
				CLANG_WARN_BOOL_CONVERSION = YES;
				CLANG_WARN_COMMA = YES;
				CLANG_WARN_CONSTANT_CONVERSION = YES;
				CLANG_WARN_DEPRECATED_OBJC_IMPLEMENTATIONS = YES;
				CLANG_WARN_DIRECT_OBJC_ISA_USAGE = YES_ERROR;
				CLANG_WARN_DOCUMENTATION_COMMENTS = YES;
				CLANG_WARN_EMPTY_BODY = YES;
				CLANG_WARN_ENUM_CONVERSION = YES;
				CLANG_WARN_INFINITE_RECURSION = YES;
				CLANG_WARN_INT_CONVERSION = YES;
				CLANG_WARN_NON_LITERAL_NULL_CONVERSION = YES;
				CLANG_WARN_OBJC_IMPLICIT_RETAIN_SELF = YES;
				CLANG_WARN_OBJC_LITERAL_CONVERSION = YES;
				CLANG_WARN_OBJC_ROOT_CLASS = YES_ERROR;
				CLANG_WARN_RANGE_LOOP_ANALYSIS = YES;
				CLANG_WARN_STRICT_PROTOTYPES = YES;
				CLANG_WARN_SUSPICIOUS_MOVE = YES;
				CLANG_WARN_UNGUARDED_AVAILABILITY = YES_AGGRESSIVE;
				CLANG_WARN_UNREACHABLE_CODE = YES;
				CLANG_WARN__DUPLICATE_METHOD_MATCH = YES;
				CODE_SIGN_IDENTITY = "iPhone Developer";
				COPY_PHASE_STRIP = NO;
				DEBUG_INFORMATION_FORMAT = dwarf;
				ENABLE_STRICT_OBJC_MSGSEND = YES;
				ENABLE_TESTABILITY = YES;
				GCC_C_LANGUAGE_STANDARD = gnu11;
				GCC_DYNAMIC_NO_PIC = NO;
				GCC_NO_COMMON_BLOCKS = YES;
				GCC_OPTIMIZATION_LEVEL = 0;
				GCC_PREPROCESSOR_DEFINITIONS = (
					"DEBUG=1",
					"$(inherited)",
				);
				GCC_WARN_64_TO_32_BIT_CONVERSION = YES;
				GCC_WARN_ABOUT_RETURN_TYPE = YES_ERROR;
				GCC_WARN_UNDECLARED_SELECTOR = YES;
				GCC_WARN_UNINITIALIZED_AUTOS = YES_AGGRESSIVE;
				GCC_WARN_UNUSED_FUNCTION = YES;
				GCC_WARN_UNUSED_VARIABLE = YES;
				IPHONEOS_DEPLOYMENT_TARGET = 12.0;
				MTL_ENABLE_DEBUG_INFO = INCLUDE_SOURCE;
				MTL_FAST_MATH = YES;
				ONLY_ACTIVE_ARCH = YES;
				SDKROOT = iphoneos;
				SWIFT_ACTIVE_COMPILATION_CONDITIONS = DEBUG;
				SWIFT_OPTIMIZATION_LEVEL = "-Onone";
			};
			name = Debug;
		};
		922BD2A721661F92000FE5D0 /* Release */ = {
			isa = XCBuildConfiguration;
			buildSettings = {
				ALWAYS_SEARCH_USER_PATHS = NO;
				CLANG_ANALYZER_NONNULL = YES;
				CLANG_ANALYZER_NUMBER_OBJECT_CONVERSION = YES_AGGRESSIVE;
				CLANG_CXX_LANGUAGE_STANDARD = "gnu++14";
				CLANG_CXX_LIBRARY = "libc++";
				CLANG_ENABLE_MODULES = YES;
				CLANG_ENABLE_OBJC_ARC = YES;
				CLANG_ENABLE_OBJC_WEAK = YES;
				CLANG_WARN_BLOCK_CAPTURE_AUTORELEASING = YES;
				CLANG_WARN_BOOL_CONVERSION = YES;
				CLANG_WARN_COMMA = YES;
				CLANG_WARN_CONSTANT_CONVERSION = YES;
				CLANG_WARN_DEPRECATED_OBJC_IMPLEMENTATIONS = YES;
				CLANG_WARN_DIRECT_OBJC_ISA_USAGE = YES_ERROR;
				CLANG_WARN_DOCUMENTATION_COMMENTS = YES;
				CLANG_WARN_EMPTY_BODY = YES;
				CLANG_WARN_ENUM_CONVERSION = YES;
				CLANG_WARN_INFINITE_RECURSION = YES;
				CLANG_WARN_INT_CONVERSION = YES;
				CLANG_WARN_NON_LITERAL_NULL_CONVERSION = YES;
				CLANG_WARN_OBJC_IMPLICIT_RETAIN_SELF = YES;
				CLANG_WARN_OBJC_LITERAL_CONVERSION = YES;
				CLANG_WARN_OBJC_ROOT_CLASS = YES_ERROR;
				CLANG_WARN_RANGE_LOOP_ANALYSIS = YES;
				CLANG_WARN_STRICT_PROTOTYPES = YES;
				CLANG_WARN_SUSPICIOUS_MOVE = YES;
				CLANG_WARN_UNGUARDED_AVAILABILITY = YES_AGGRESSIVE;
				CLANG_WARN_UNREACHABLE_CODE = YES;
				CLANG_WARN__DUPLICATE_METHOD_MATCH = YES;
				CODE_SIGN_IDENTITY = "iPhone Developer";
				COPY_PHASE_STRIP = NO;
				DEBUG_INFORMATION_FORMAT = "dwarf-with-dsym";
				ENABLE_NS_ASSERTIONS = NO;
				ENABLE_STRICT_OBJC_MSGSEND = YES;
				GCC_C_LANGUAGE_STANDARD = gnu11;
				GCC_NO_COMMON_BLOCKS = YES;
				GCC_WARN_64_TO_32_BIT_CONVERSION = YES;
				GCC_WARN_ABOUT_RETURN_TYPE = YES_ERROR;
				GCC_WARN_UNDECLARED_SELECTOR = YES;
				GCC_WARN_UNINITIALIZED_AUTOS = YES_AGGRESSIVE;
				GCC_WARN_UNUSED_FUNCTION = YES;
				GCC_WARN_UNUSED_VARIABLE = YES;
				IPHONEOS_DEPLOYMENT_TARGET = 12.0;
				MTL_ENABLE_DEBUG_INFO = NO;
				MTL_FAST_MATH = YES;
				SDKROOT = iphoneos;
				SWIFT_COMPILATION_MODE = wholemodule;
				SWIFT_OPTIMIZATION_LEVEL = "-O";
				VALIDATE_PRODUCT = YES;
			};
			name = Release;
		};
		922BD2A921661F92000FE5D0 /* Debug */ = {
			isa = XCBuildConfiguration;
			buildSettings = {
				ASSETCATALOG_COMPILER_APPICON_NAME = AppIcon;
				CODE_SIGN_STYLE = Automatic;
				DEVELOPMENT_TEAM = 6U9MV9QJ7U;
				INFOPLIST_FILE = DesktopApp/Info.plist;
				LD_RUNPATH_SEARCH_PATHS = (
					"$(inherited)",
					"@executable_path/Frameworks",
				);
				PRODUCT_BUNDLE_IDENTIFIER = BarradeStudio.DesktopApp;
				PRODUCT_NAME = "$(TARGET_NAME)";
				SWIFT_VERSION = 4.2;
				TARGETED_DEVICE_FAMILY = "1,2";
			};
			name = Debug;
		};
		922BD2AA21661F92000FE5D0 /* Release */ = {
			isa = XCBuildConfiguration;
			buildSettings = {
				ASSETCATALOG_COMPILER_APPICON_NAME = AppIcon;
				CODE_SIGN_STYLE = Automatic;
				DEVELOPMENT_TEAM = 6U9MV9QJ7U;
				INFOPLIST_FILE = DesktopApp/Info.plist;
				LD_RUNPATH_SEARCH_PATHS = (
					"$(inherited)",
					"@executable_path/Frameworks",
				);
				PRODUCT_BUNDLE_IDENTIFIER = BarradeStudio.DesktopApp;
				PRODUCT_NAME = "$(TARGET_NAME)";
				SWIFT_VERSION = 4.2;
				TARGETED_DEVICE_FAMILY = "1,2";
			};
			name = Release;
		};
		922BD2AC21661F92000FE5D0 /* Debug */ = {
			isa = XCBuildConfiguration;
			buildSettings = {
				ALWAYS_EMBED_SWIFT_STANDARD_LIBRARIES = YES;
				BUNDLE_LOADER = "$(TEST_HOST)";
				CODE_SIGN_STYLE = Automatic;
				DEVELOPMENT_TEAM = 6U9MV9QJ7U;
				INFOPLIST_FILE = DesktopAppTests/Info.plist;
				LD_RUNPATH_SEARCH_PATHS = (
					"$(inherited)",
					"@executable_path/Frameworks",
					"@loader_path/Frameworks",
				);
				PRODUCT_BUNDLE_IDENTIFIER = BarradeStudio.DesktopAppTests;
				PRODUCT_NAME = "$(TARGET_NAME)";
				SWIFT_VERSION = 4.2;
				TARGETED_DEVICE_FAMILY = "1,2";
				TEST_HOST = "$(BUILT_PRODUCTS_DIR)/DesktopApp.app/DesktopApp";
			};
			name = Debug;
		};
		922BD2AD21661F92000FE5D0 /* Release */ = {
			isa = XCBuildConfiguration;
			buildSettings = {
				ALWAYS_EMBED_SWIFT_STANDARD_LIBRARIES = YES;
				BUNDLE_LOADER = "$(TEST_HOST)";
				CODE_SIGN_STYLE = Automatic;
				DEVELOPMENT_TEAM = 6U9MV9QJ7U;
				INFOPLIST_FILE = DesktopAppTests/Info.plist;
				LD_RUNPATH_SEARCH_PATHS = (
					"$(inherited)",
					"@executable_path/Frameworks",
					"@loader_path/Frameworks",
				);
				PRODUCT_BUNDLE_IDENTIFIER = BarradeStudio.DesktopAppTests;
				PRODUCT_NAME = "$(TARGET_NAME)";
				SWIFT_VERSION = 4.2;
				TARGETED_DEVICE_FAMILY = "1,2";
				TEST_HOST = "$(BUILT_PRODUCTS_DIR)/DesktopApp.app/DesktopApp";
			};
			name = Release;
		};
		922BD2AF21661F92000FE5D0 /* Debug */ = {
			isa = XCBuildConfiguration;
			buildSettings = {
				ALWAYS_EMBED_SWIFT_STANDARD_LIBRARIES = YES;
				CODE_SIGN_STYLE = Automatic;
				DEVELOPMENT_TEAM = 6U9MV9QJ7U;
				INFOPLIST_FILE = DesktopAppUITests/Info.plist;
				LD_RUNPATH_SEARCH_PATHS = (
					"$(inherited)",
					"@executable_path/Frameworks",
					"@loader_path/Frameworks",
				);
				PRODUCT_BUNDLE_IDENTIFIER = BarradeStudio.DesktopAppUITests;
				PRODUCT_NAME = "$(TARGET_NAME)";
				SWIFT_VERSION = 4.2;
				TARGETED_DEVICE_FAMILY = "1,2";
				TEST_TARGET_NAME = DesktopApp;
			};
			name = Debug;
		};
		922BD2B021661F92000FE5D0 /* Release */ = {
			isa = XCBuildConfiguration;
			buildSettings = {
				ALWAYS_EMBED_SWIFT_STANDARD_LIBRARIES = YES;
				CODE_SIGN_STYLE = Automatic;
				DEVELOPMENT_TEAM = 6U9MV9QJ7U;
				INFOPLIST_FILE = DesktopAppUITests/Info.plist;
				LD_RUNPATH_SEARCH_PATHS = (
					"$(inherited)",
					"@executable_path/Frameworks",
					"@loader_path/Frameworks",
				);
				PRODUCT_BUNDLE_IDENTIFIER = BarradeStudio.DesktopAppUITests;
				PRODUCT_NAME = "$(TARGET_NAME)";
				SWIFT_VERSION = 4.2;
				TARGETED_DEVICE_FAMILY = "1,2";
				TEST_TARGET_NAME = DesktopApp;
			};
			name = Release;
		};
/* End XCBuildConfiguration section */

/* Begin XCConfigurationList section */
		922BD27B21661F91000FE5D0 /* Build configuration list for PBXProject "DesktopApp" */ = {
			isa = XCConfigurationList;
			buildConfigurations = (
				922BD2A621661F92000FE5D0 /* Debug */,
				922BD2A721661F92000FE5D0 /* Release */,
			);
			defaultConfigurationIsVisible = 0;
			defaultConfigurationName = Release;
		};
		922BD2A821661F92000FE5D0 /* Build configuration list for PBXNativeTarget "DesktopApp" */ = {
			isa = XCConfigurationList;
			buildConfigurations = (
				922BD2A921661F92000FE5D0 /* Debug */,
				922BD2AA21661F92000FE5D0 /* Release */,
			);
			defaultConfigurationIsVisible = 0;
			defaultConfigurationName = Release;
		};
		922BD2AB21661F92000FE5D0 /* Build configuration list for PBXNativeTarget "DesktopAppTests" */ = {
			isa = XCConfigurationList;
			buildConfigurations = (
				922BD2AC21661F92000FE5D0 /* Debug */,
				922BD2AD21661F92000FE5D0 /* Release */,
			);
			defaultConfigurationIsVisible = 0;
			defaultConfigurationName = Release;
		};
		922BD2AE21661F92000FE5D0 /* Build configuration list for PBXNativeTarget "DesktopAppUITests" */ = {
			isa = XCConfigurationList;
			buildConfigurations = (
				922BD2AF21661F92000FE5D0 /* Debug */,
				922BD2B021661F92000FE5D0 /* Release */,
			);
			defaultConfigurationIsVisible = 0;
			defaultConfigurationName = Release;
		};
/* End XCConfigurationList section */
	};
	rootObject = 922BD27821661F91000FE5D0 /* Project object */;
}
